
Microsoft Visual Studio Solution File, Format Version 12.00
# Visual Studio Version 17
VisualStudioVersion = 17.9.34622.214
MinimumVisualStudioVersion = 10.0.40219.1
Project("{9A19103F-16F7-4668-BE54-9A1E7A4F7556}") = "Laba_S4", "Laba_S4.csproj", "{4B7E2C4D-44AD-4ACC-90A4-9D741C56BEA6}"
EndProject
Project("{9A19103F-16F7-4668-BE54-9A1E7A4F7556}") = "Logic", "..\Logic\Logic.csproj", "{F6F5DD0C-1140-49D5-A85F-BCED22716CB0}"
EndProject
Global
	GlobalSection(SolutionConfigurationPlatforms) = preSolution
		Debug|Any CPU = Debug|Any CPU
		Release|Any CPU = Release|Any CPU
	EndGlobalSection
	GlobalSection(ProjectConfigurationPlatforms) = postSolution
		{4B7E2C4D-44AD-4ACC-90A4-9D741C56BEA6}.Debug|Any CPU.ActiveCfg = Debug|Any CPU
		{4B7E2C4D-44AD-4ACC-90A4-9D741C56BEA6}.Debug|Any CPU.Build.0 = Debug|Any CPU
		{4B7E2C4D-44AD-4ACC-90A4-9D741C56BEA6}.Release|Any CPU.ActiveCfg = Release|Any CPU
		{4B7E2C4D-44AD-4ACC-90A4-9D741C56BEA6}.Release|Any CPU.Build.0 = Release|Any CPU
		{F6F5DD0C-1140-49D5-A85F-BCED22716CB0}.Debug|Any CPU.ActiveCfg = Debug|Any CPU
		{F6F5DD0C-1140-49D5-A85F-BCED22716CB0}.Debug|Any CPU.Build.0 = Debug|Any CPU
		{F6F5DD0C-1140-49D5-A85F-BCED22716CB0}.Release|Any CPU.ActiveCfg = Release|Any CPU
		{F6F5DD0C-1140-49D5-A85F-BCED22716CB0}.Release|Any CPU.Build.0 = Release|Any CPU
	EndGlobalSection
	GlobalSection(SolutionProperties) = preSolution
		HideSolutionNode = FALSE
	EndGlobalSection
	GlobalSection(ExtensibilityGlobals) = postSolution
		SolutionGuid = {9614434D-D8AF-4233-9D46-15F31B14672E}
	EndGlobalSection
EndGlobal
